
Microsoft Visual Studio Solution File, Format Version 12.00
# Visual Studio Version 17
VisualStudioVersion = 17.7.34031.279
MinimumVisualStudioVersion = 10.0.40219.1
Project("{FAE04EC0-301F-11D3-BF4B-00C04F79EFBC}") = "Ej4.MultiplicacionContinuada", "Ej4.MultiplicacionContinuada.csproj", "{174C9A1C-CB0A-4F18-B883-0D59AC87E6C9}"
EndProject
Global
	GlobalSection(SolutionConfigurationPlatforms) = preSolution
		Debug|Any CPU = Debug|Any CPU
		Release|Any CPU = Release|Any CPU
	EndGlobalSection
	GlobalSection(ProjectConfigurationPlatforms) = postSolution
		{174C9A1C-CB0A-4F18-B883-0D59AC87E6C9}.Debug|Any CPU.ActiveCfg = Debug|Any CPU
		{174C9A1C-CB0A-4F18-B883-0D59AC87E6C9}.Debug|Any CPU.Build.0 = Debug|Any CPU
		{174C9A1C-CB0A-4F18-B883-0D59AC87E6C9}.Release|Any CPU.ActiveCfg = Release|Any CPU
		{174C9A1C-CB0A-4F18-B883-0D59AC87E6C9}.Release|Any CPU.Build.0 = Release|Any CPU
	EndGlobalSection
	GlobalSection(SolutionProperties) = preSolution
		HideSolutionNode = FALSE
	EndGlobalSection
	GlobalSection(ExtensibilityGlobals) = postSolution
		SolutionGuid = {923700F6-74B9-4C7F-ACA0-1A1AFA1869FA}
	EndGlobalSection
EndGlobal
